<?xml version="1.0" encoding="utf-8"?>
<Project ToolsVersion="4.0" xmlns="http://schemas.microsoft.com/developer/msbuild/2003">
  <ItemGroup>
    <Filter Include="JetEngine">
      <UniqueIdentifier>{3E7C665E-AAE6-1AD5-F324-CC7A5FCEF829}</UniqueIdentifier>
    </Filter>
    <Filter Include="JetEngine\Events">
      <UniqueIdentifier>{62362A56-4E2F-49A8-7761-2E2D63B928B4}</UniqueIdentifier>
    </Filter>
    <Filter Include="Platform">
      <UniqueIdentifier>{2AC788B4-1694-E3BF-3FAD-D1672BD9184E}</UniqueIdentifier>
    </Filter>
    <Filter Include="Platform\Windows">
      <UniqueIdentifier>{64FBD71A-50F4-F66C-7926-DCF1657ED678}</UniqueIdentifier>
    </Filter>
  </ItemGroup>
  <ItemGroup>
    <ClInclude Include="src\JEpch.h" />
    <ClInclude Include="src\JetEngine.h" />
    <ClInclude Include="src\JetEngine\Application.h">
      <Filter>JetEngine</Filter>
    </ClInclude>
    <ClInclude Include="src\JetEngine\Core.h">
      <Filter>JetEngine</Filter>
    </ClInclude>
    <ClInclude Include="src\JetEngine\EntryPoint.h">
      <Filter>JetEngine</Filter>
    </ClInclude>
    <ClInclude Include="src\JetEngine\Events\ApplicationEvent.h">
      <Filter>JetEngine\Events</Filter>
    </ClInclude>
    <ClInclude Include="src\JetEngine\Events\Event.h">
      <Filter>JetEngine\Events</Filter>
    </ClInclude>
    <ClInclude Include="src\JetEngine\Events\KeyEvent.h">
      <Filter>JetEngine\Events</Filter>
    </ClInclude>
    <ClInclude Include="src\JetEngine\Events\MouseEvent.h">
      <Filter>JetEngine\Events</Filter>
    </ClInclude>
    <ClInclude Include="src\JetEngine\Layer.h">
      <Filter>JetEngine</Filter>
    </ClInclude>
    <ClInclude Include="src\JetEngine\LayerStack.h">
      <Filter>JetEngine</Filter>
    </ClInclude>
    <ClInclude Include="src\JetEngine\Log.h">
      <Filter>JetEngine</Filter>
    </ClInclude>
    <ClInclude Include="src\JetEngine\Window.h">
      <Filter>JetEngine</Filter>
    </ClInclude>
    <ClInclude Include="src\Platform\Windows\WindowsWindow.h">
      <Filter>Platform\Windows</Filter>
    </ClInclude>
  </ItemGroup>
  <ItemGroup>
    <ClCompile Include="src\JEpch.cpp" />
    <ClCompile Include="src\JetEngine\Application.cpp">
      <Filter>JetEngine</Filter>
    </ClCompile>
    <ClCompile Include="src\JetEngine\Layer.cpp">
      <Filter>JetEngine</Filter>
    </ClCompile>
    <ClCompile Include="src\JetEngine\LayerStack.cpp">
      <Filter>JetEngine</Filter>
    </ClCompile>
    <ClCompile Include="src\JetEngine\Log.cpp">
      <Filter>JetEngine</Filter>
    </ClCompile>
    <ClCompile Include="src\Platform\Windows\WindowsWindow.cpp">
      <Filter>Platform\Windows</Filter>
    </ClCompile>
  </ItemGroup>
</Project>